
Microsoft Visual Studio Solution File, Format Version 12.00
# Visual Studio Version 16
VisualStudioVersion = 16.0.29613.14
MinimumVisualStudioVersion = 10.0.40219.1
Project("{8BC9CEB8-8B4A-11D0-8D11-00A0C91BC942}") = "lab_linked_list", "lab_linked_list\lab_linked_list.vcxproj", "{3002E145-C05B-4A8A-AFF2-FCAE1465B9F2}"
EndProject
Global
	GlobalSection(SolutionConfigurationPlatforms) = preSolution
		Debug|x64 = Debug|x64
		Debug|x86 = Debug|x86
		Release|x64 = Release|x64
		Release|x86 = Release|x86
	EndGlobalSection
	GlobalSection(ProjectConfigurationPlatforms) = postSolution
		{3002E145-C05B-4A8A-AFF2-FCAE1465B9F2}.Debug|x64.ActiveCfg = Debug|x64
		{3002E145-C05B-4A8A-AFF2-FCAE1465B9F2}.Debug|x64.Build.0 = Debug|x64
		{3002E145-C05B-4A8A-AFF2-FCAE1465B9F2}.Debug|x86.ActiveCfg = Debug|Win32
		{3002E145-C05B-4A8A-AFF2-FCAE1465B9F2}.Debug|x86.Build.0 = Debug|Win32
		{3002E145-C05B-4A8A-AFF2-FCAE1465B9F2}.Release|x64.ActiveCfg = Release|x64
		{3002E145-C05B-4A8A-AFF2-FCAE1465B9F2}.Release|x64.Build.0 = Release|x64
		{3002E145-C05B-4A8A-AFF2-FCAE1465B9F2}.Release|x86.ActiveCfg = Release|Win32
		{3002E145-C05B-4A8A-AFF2-FCAE1465B9F2}.Release|x86.Build.0 = Release|Win32
	EndGlobalSection
	GlobalSection(SolutionProperties) = preSolution
		HideSolutionNode = FALSE
	EndGlobalSection
	GlobalSection(ExtensibilityGlobals) = postSolution
		SolutionGuid = {925ACADC-51C4-4CA2-A4C6-F08FA2ECDDB7}
	EndGlobalSection
EndGlobal
